<?xml version="1.0" encoding="utf-8"?>
<Project ToolsVersion="4.0" xmlns="http://schemas.microsoft.com/developer/msbuild/2003">
  <ItemGroup>
    <ClInclude Include="..\src\server.h" />
    <ClInclude Include="..\src\cms_data.h" />
    <ClInclude Include="..\src\date_time.h" />
    <ClInclude Include="..\src\action_handler.h" />
    <ClInclude Include="..\src\protocol.h" />
    <ClInclude Include="..\src\player_info.h" />
    <ClInclude Include="..\src\iap_info.h" />
    <ClInclude Include="..\src\game_result.h" />
    <ClInclude Include="..\src\result_rewards.h" />
    <ClInclude Include="..\src\support_gacha_result.h" />
    <ClInclude Include="..\src\response_data.h" />
    <ClInclude Include="..\src\item_and_shop_data.h" />
    <ClInclude Include="..\src\support.h" />
    <ClInclude Include="..\src\mail.h" />
    <ClInclude Include="..\src\rank_data.h" />
    <ClInclude Include="..\src\attendance.h" />
    <ClInclude Include="..\src\player_database.h" />
    <ClInclude Include="..\src\util.h" />
    <ClInclude Include="..\src\cs_bridge.h" />
  </ItemGroup>
  <ItemGroup>
    <ClCompile Include="..\src\main.cpp" />
    <ClCompile Include="..\src\server.cpp" />
    <ClCompile Include="..\src\date_time.cpp" />
    <ClCompile Include="..\src\action_handler.cpp" />
    <ClCompile Include="..\src\protocol.cpp" />
    <ClCompile Include="..\src\player_database.cpp" />
    <ClCompile Include="..\src\util.cpp" />
    <ClCompile Include="..\src\cs_bridge.cpp" />
    <ClCompile Include="..\src\cms_data.cpp" />
  </ItemGroup>
</Project>